
Microsoft Visual Studio Solution File, Format Version 12.00
# Visual Studio 14
VisualStudioVersion = 14.0.25420.1
MinimumVisualStudioVersion = 10.0.40219.1
Project("{2150E333-8FDC-42A3-9474-1A3956D46DE8}") = "xf", "xf", "{58FB0FEE-D7D5-4A35-ACA0-83A4D463C09F}"
EndProject
Project("{FAE04EC0-301F-11D3-BF4B-00C04F79EFBC}") = "XF.Common.Contracts", "..\eXtensibleFramework\XF.Common.Contracts\XF.Common.Contracts.csproj", "{D2C8A797-5AD1-4BA0-A50D-9CF5786D4CA6}"
EndProject
Project("{FAE04EC0-301F-11D3-BF4B-00C04F79EFBC}") = "XF.Common.Server.Contracts", "..\eXtensibleFramework\XF.Common.Server.Contracts\XF.Common.Server.Contracts.csproj", "{009F5420-7005-49D6-84D7-BD258DC8A6BA}"
EndProject
Project("{FAE04EC0-301F-11D3-BF4B-00C04F79EFBC}") = "XF.Common.Server", "..\eXtensibleFramework\XF.Common.Server\XF.Common.Server.csproj", "{E9161FE7-E96E-47AF-BCB4-86A680AEBD74}"
EndProject
Project("{2150E333-8FDC-42A3-9474-1A3956D46DE8}") = "xf.api", "xf.api", "{D51D5B72-36F8-4BC0-A33B-4EDE9FCD1532}"
EndProject
Project("{FAE04EC0-301F-11D3-BF4B-00C04F79EFBC}") = "XF.WebApi.Common.Contracts", "..\eXtensibleFramework\XF.WebApi.Common.Contracts\XF.WebApi.Common.Contracts.csproj", "{8C4F0C29-FA37-4426-9798-4D4980CECC7F}"
EndProject
Project("{FAE04EC0-301F-11D3-BF4B-00C04F79EFBC}") = "XF.WebApi.Common", "..\eXtensibleFramework\XF.WebApi.Common\XF.WebApi.Common.csproj", "{0C185B98-A656-4494-B97A-46766AA6A719}"
EndProject
Project("{FAE04EC0-301F-11D3-BF4B-00C04F79EFBC}") = "XF.WebApi.Contracts", "..\eXtensibleFramework\XF.WebApi.Contracts\XF.WebApi.Contracts.csproj", "{8453A595-3624-4B78-9216-1A21DC1E55EC}"
EndProject
Project("{FAE04EC0-301F-11D3-BF4B-00C04F79EFBC}") = "XF.WebApi.Core", "..\eXtensibleFramework\XF.WebApi.Core\XF.WebApi.Core.csproj", "{18024BB0-546F-4F40-B913-5F08C43D786E}"
EndProject
Project("{FAE04EC0-301F-11D3-BF4B-00C04F79EFBC}") = "XF.WebApi.Model", "..\eXtensibleFramework\XF.WebApi.Model\XF.WebApi.Model.csproj", "{FF9328C9-3682-40BC-8564-94CF0AFB071D}"
EndProject
Project("{FAE04EC0-301F-11D3-BF4B-00C04F79EFBC}") = "BlackRocket.Model", "BlackRocket.Model\BlackRocket.Model.csproj", "{106C9461-4285-4029-B292-B063057DB649}"
EndProject
Project("{FAE04EC0-301F-11D3-BF4B-00C04F79EFBC}") = "BlackRocket.WebApi.Controllers", "BlackRocket.WebApi.Controllers\BlackRocket.WebApi.Controllers.csproj", "{B557AD90-E68A-4AE8-847E-A305CEDCDE97}"
EndProject
Project("{FAE04EC0-301F-11D3-BF4B-00C04F79EFBC}") = "BlackRocket.WebApi.Core", "BlackRocket.WebApi.Core\BlackRocket.WebApi.Core.csproj", "{62418EB5-C7F3-4CE7-A4BF-063E64536B3C}"
EndProject
Project("{FAE04EC0-301F-11D3-BF4B-00C04F79EFBC}") = "BlackRocket.Model.Server.SqlServer", "BlackRocket.Model.Server.SqlServer\BlackRocket.Model.Server.SqlServer.csproj", "{B2CFB070-19E4-4F41-8173-F6EB38056758}"
EndProject
Project("{FAE04EC0-301F-11D3-BF4B-00C04F79EFBC}") = "XF.SqlServer.Contracts", "..\eXtensibleFramework\XF.SqlServer.Contracts\XF.SqlServer.Contracts.csproj", "{3C5A10E7-DA8C-4B3C-95AD-C0C3D9E006B2}"
EndProject
Project("{FAE04EC0-301F-11D3-BF4B-00C04F79EFBC}") = "XF.Api.Model", "..\eXtensibleFramework\XF.Api.Model\XF.Api.Model.csproj", "{9948EA1C-52A2-478E-962E-F76BC860BCBE}"
EndProject
Project("{FAE04EC0-301F-11D3-BF4B-00C04F79EFBC}") = "XF.Api.Controllers", "..\eXtensibleFramework\XF.Api.Controllers\XF.Api.Controllers.csproj", "{8C83CD77-B37C-4716-83CE-9C7E8E989A08}"
EndProject
Project("{FAE04EC0-301F-11D3-BF4B-00C04F79EFBC}") = "XF.Api.Contracts", "..\eXtensibleFramework\XF.Api.Contracts\XF.Api.Contracts.csproj", "{79F7F17E-31DB-4D87-986C-EFA009E9285D}"
EndProject
Project("{FAE04EC0-301F-11D3-BF4B-00C04F79EFBC}") = "XF.Api.Server", "..\eXtensibleFramework\XF.Api.Server\XF.Api.Server.csproj", "{2E92129D-139F-42D9-926B-84780321B2FA}"
EndProject
Project("{FAE04EC0-301F-11D3-BF4B-00C04F79EFBC}") = "XF.Common", "..\eXtensibleFramework\XF.Common\XF.Common.csproj", "{2E3BB613-4780-4383-873E-0255DF41F5DD}"
EndProject
Project("{FAE04EC0-301F-11D3-BF4B-00C04F79EFBC}") = "BlackRocket", "BlackRocket\BlackRocket.csproj", "{46833363-87E8-408A-9738-73E1A7CB644D}"
EndProject
Global
	GlobalSection(SolutionConfigurationPlatforms) = preSolution
		Debug|Any CPU = Debug|Any CPU
		Release|Any CPU = Release|Any CPU
	EndGlobalSection
	GlobalSection(ProjectConfigurationPlatforms) = postSolution
		{D2C8A797-5AD1-4BA0-A50D-9CF5786D4CA6}.Debug|Any CPU.ActiveCfg = Debug|Any CPU
		{D2C8A797-5AD1-4BA0-A50D-9CF5786D4CA6}.Debug|Any CPU.Build.0 = Debug|Any CPU
		{D2C8A797-5AD1-4BA0-A50D-9CF5786D4CA6}.Release|Any CPU.ActiveCfg = Release|Any CPU
		{D2C8A797-5AD1-4BA0-A50D-9CF5786D4CA6}.Release|Any CPU.Build.0 = Release|Any CPU
		{009F5420-7005-49D6-84D7-BD258DC8A6BA}.Debug|Any CPU.ActiveCfg = Debug|Any CPU
		{009F5420-7005-49D6-84D7-BD258DC8A6BA}.Debug|Any CPU.Build.0 = Debug|Any CPU
		{009F5420-7005-49D6-84D7-BD258DC8A6BA}.Release|Any CPU.ActiveCfg = Release|Any CPU
		{009F5420-7005-49D6-84D7-BD258DC8A6BA}.Release|Any CPU.Build.0 = Release|Any CPU
		{E9161FE7-E96E-47AF-BCB4-86A680AEBD74}.Debug|Any CPU.ActiveCfg = Debug|Any CPU
		{E9161FE7-E96E-47AF-BCB4-86A680AEBD74}.Debug|Any CPU.Build.0 = Debug|Any CPU
		{E9161FE7-E96E-47AF-BCB4-86A680AEBD74}.Release|Any CPU.ActiveCfg = Release|Any CPU
		{E9161FE7-E96E-47AF-BCB4-86A680AEBD74}.Release|Any CPU.Build.0 = Release|Any CPU
		{8C4F0C29-FA37-4426-9798-4D4980CECC7F}.Debug|Any CPU.ActiveCfg = Debug|Any CPU
		{8C4F0C29-FA37-4426-9798-4D4980CECC7F}.Debug|Any CPU.Build.0 = Debug|Any CPU
		{8C4F0C29-FA37-4426-9798-4D4980CECC7F}.Release|Any CPU.ActiveCfg = Release|Any CPU
		{8C4F0C29-FA37-4426-9798-4D4980CECC7F}.Release|Any CPU.Build.0 = Release|Any CPU
		{0C185B98-A656-4494-B97A-46766AA6A719}.Debug|Any CPU.ActiveCfg = Debug|Any CPU
		{0C185B98-A656-4494-B97A-46766AA6A719}.Debug|Any CPU.Build.0 = Debug|Any CPU
		{0C185B98-A656-4494-B97A-46766AA6A719}.Release|Any CPU.ActiveCfg = Release|Any CPU
		{0C185B98-A656-4494-B97A-46766AA6A719}.Release|Any CPU.Build.0 = Release|Any CPU
		{8453A595-3624-4B78-9216-1A21DC1E55EC}.Debug|Any CPU.ActiveCfg = Debug|Any CPU
		{8453A595-3624-4B78-9216-1A21DC1E55EC}.Debug|Any CPU.Build.0 = Debug|Any CPU
		{8453A595-3624-4B78-9216-1A21DC1E55EC}.Release|Any CPU.ActiveCfg = Release|Any CPU
		{8453A595-3624-4B78-9216-1A21DC1E55EC}.Release|Any CPU.Build.0 = Release|Any CPU
		{18024BB0-546F-4F40-B913-5F08C43D786E}.Debug|Any CPU.ActiveCfg = Debug|Any CPU
		{18024BB0-546F-4F40-B913-5F08C43D786E}.Debug|Any CPU.Build.0 = Debug|Any CPU
		{18024BB0-546F-4F40-B913-5F08C43D786E}.Release|Any CPU.ActiveCfg = Release|Any CPU
		{18024BB0-546F-4F40-B913-5F08C43D786E}.Release|Any CPU.Build.0 = Release|Any CPU
		{FF9328C9-3682-40BC-8564-94CF0AFB071D}.Debug|Any CPU.ActiveCfg = Debug|Any CPU
		{FF9328C9-3682-40BC-8564-94CF0AFB071D}.Debug|Any CPU.Build.0 = Debug|Any CPU
		{FF9328C9-3682-40BC-8564-94CF0AFB071D}.Release|Any CPU.ActiveCfg = Release|Any CPU
		{FF9328C9-3682-40BC-8564-94CF0AFB071D}.Release|Any CPU.Build.0 = Release|Any CPU
		{106C9461-4285-4029-B292-B063057DB649}.Debug|Any CPU.ActiveCfg = Debug|Any CPU
		{106C9461-4285-4029-B292-B063057DB649}.Debug|Any CPU.Build.0 = Debug|Any CPU
		{106C9461-4285-4029-B292-B063057DB649}.Release|Any CPU.ActiveCfg = Release|Any CPU
		{106C9461-4285-4029-B292-B063057DB649}.Release|Any CPU.Build.0 = Release|Any CPU
		{B557AD90-E68A-4AE8-847E-A305CEDCDE97}.Debug|Any CPU.ActiveCfg = Debug|Any CPU
		{B557AD90-E68A-4AE8-847E-A305CEDCDE97}.Debug|Any CPU.Build.0 = Debug|Any CPU
		{B557AD90-E68A-4AE8-847E-A305CEDCDE97}.Release|Any CPU.ActiveCfg = Release|Any CPU
		{B557AD90-E68A-4AE8-847E-A305CEDCDE97}.Release|Any CPU.Build.0 = Release|Any CPU
		{62418EB5-C7F3-4CE7-A4BF-063E64536B3C}.Debug|Any CPU.ActiveCfg = Debug|Any CPU
		{62418EB5-C7F3-4CE7-A4BF-063E64536B3C}.Debug|Any CPU.Build.0 = Debug|Any CPU
		{62418EB5-C7F3-4CE7-A4BF-063E64536B3C}.Release|Any CPU.ActiveCfg = Release|Any CPU
		{62418EB5-C7F3-4CE7-A4BF-063E64536B3C}.Release|Any CPU.Build.0 = Release|Any CPU
		{B2CFB070-19E4-4F41-8173-F6EB38056758}.Debug|Any CPU.ActiveCfg = Debug|Any CPU
		{B2CFB070-19E4-4F41-8173-F6EB38056758}.Debug|Any CPU.Build.0 = Debug|Any CPU
		{B2CFB070-19E4-4F41-8173-F6EB38056758}.Release|Any CPU.ActiveCfg = Release|Any CPU
		{B2CFB070-19E4-4F41-8173-F6EB38056758}.Release|Any CPU.Build.0 = Release|Any CPU
		{3C5A10E7-DA8C-4B3C-95AD-C0C3D9E006B2}.Debug|Any CPU.ActiveCfg = Debug|Any CPU
		{3C5A10E7-DA8C-4B3C-95AD-C0C3D9E006B2}.Debug|Any CPU.Build.0 = Debug|Any CPU
		{3C5A10E7-DA8C-4B3C-95AD-C0C3D9E006B2}.Release|Any CPU.ActiveCfg = Release|Any CPU
		{3C5A10E7-DA8C-4B3C-95AD-C0C3D9E006B2}.Release|Any CPU.Build.0 = Release|Any CPU
		{9948EA1C-52A2-478E-962E-F76BC860BCBE}.Debug|Any CPU.ActiveCfg = Debug|Any CPU
		{9948EA1C-52A2-478E-962E-F76BC860BCBE}.Debug|Any CPU.Build.0 = Debug|Any CPU
		{9948EA1C-52A2-478E-962E-F76BC860BCBE}.Release|Any CPU.ActiveCfg = Release|Any CPU
		{9948EA1C-52A2-478E-962E-F76BC860BCBE}.Release|Any CPU.Build.0 = Release|Any CPU
		{8C83CD77-B37C-4716-83CE-9C7E8E989A08}.Debug|Any CPU.ActiveCfg = Debug|Any CPU
		{8C83CD77-B37C-4716-83CE-9C7E8E989A08}.Debug|Any CPU.Build.0 = Debug|Any CPU
		{8C83CD77-B37C-4716-83CE-9C7E8E989A08}.Release|Any CPU.ActiveCfg = Release|Any CPU
		{8C83CD77-B37C-4716-83CE-9C7E8E989A08}.Release|Any CPU.Build.0 = Release|Any CPU
		{79F7F17E-31DB-4D87-986C-EFA009E9285D}.Debug|Any CPU.ActiveCfg = Debug|Any CPU
		{79F7F17E-31DB-4D87-986C-EFA009E9285D}.Debug|Any CPU.Build.0 = Debug|Any CPU
		{79F7F17E-31DB-4D87-986C-EFA009E9285D}.Release|Any CPU.ActiveCfg = Release|Any CPU
		{79F7F17E-31DB-4D87-986C-EFA009E9285D}.Release|Any CPU.Build.0 = Release|Any CPU
		{2E92129D-139F-42D9-926B-84780321B2FA}.Debug|Any CPU.ActiveCfg = Debug|Any CPU
		{2E92129D-139F-42D9-926B-84780321B2FA}.Debug|Any CPU.Build.0 = Debug|Any CPU
		{2E92129D-139F-42D9-926B-84780321B2FA}.Release|Any CPU.ActiveCfg = Release|Any CPU
		{2E92129D-139F-42D9-926B-84780321B2FA}.Release|Any CPU.Build.0 = Release|Any CPU
		{2E3BB613-4780-4383-873E-0255DF41F5DD}.Debug|Any CPU.ActiveCfg = Debug|Any CPU
		{2E3BB613-4780-4383-873E-0255DF41F5DD}.Debug|Any CPU.Build.0 = Debug|Any CPU
		{2E3BB613-4780-4383-873E-0255DF41F5DD}.Release|Any CPU.ActiveCfg = Release|Any CPU
		{2E3BB613-4780-4383-873E-0255DF41F5DD}.Release|Any CPU.Build.0 = Release|Any CPU
		{46833363-87E8-408A-9738-73E1A7CB644D}.Debug|Any CPU.ActiveCfg = Debug|Any CPU
		{46833363-87E8-408A-9738-73E1A7CB644D}.Debug|Any CPU.Build.0 = Debug|Any CPU
		{46833363-87E8-408A-9738-73E1A7CB644D}.Release|Any CPU.ActiveCfg = Release|Any CPU
		{46833363-87E8-408A-9738-73E1A7CB644D}.Release|Any CPU.Build.0 = Release|Any CPU
	EndGlobalSection
	GlobalSection(SolutionProperties) = preSolution
		HideSolutionNode = FALSE
	EndGlobalSection
	GlobalSection(NestedProjects) = preSolution
		{D2C8A797-5AD1-4BA0-A50D-9CF5786D4CA6} = {58FB0FEE-D7D5-4A35-ACA0-83A4D463C09F}
		{009F5420-7005-49D6-84D7-BD258DC8A6BA} = {58FB0FEE-D7D5-4A35-ACA0-83A4D463C09F}
		{E9161FE7-E96E-47AF-BCB4-86A680AEBD74} = {58FB0FEE-D7D5-4A35-ACA0-83A4D463C09F}
		{8C4F0C29-FA37-4426-9798-4D4980CECC7F} = {D51D5B72-36F8-4BC0-A33B-4EDE9FCD1532}
		{0C185B98-A656-4494-B97A-46766AA6A719} = {D51D5B72-36F8-4BC0-A33B-4EDE9FCD1532}
		{8453A595-3624-4B78-9216-1A21DC1E55EC} = {D51D5B72-36F8-4BC0-A33B-4EDE9FCD1532}
		{18024BB0-546F-4F40-B913-5F08C43D786E} = {D51D5B72-36F8-4BC0-A33B-4EDE9FCD1532}
		{FF9328C9-3682-40BC-8564-94CF0AFB071D} = {D51D5B72-36F8-4BC0-A33B-4EDE9FCD1532}
		{3C5A10E7-DA8C-4B3C-95AD-C0C3D9E006B2} = {58FB0FEE-D7D5-4A35-ACA0-83A4D463C09F}
		{9948EA1C-52A2-478E-962E-F76BC860BCBE} = {D51D5B72-36F8-4BC0-A33B-4EDE9FCD1532}
		{8C83CD77-B37C-4716-83CE-9C7E8E989A08} = {D51D5B72-36F8-4BC0-A33B-4EDE9FCD1532}
		{79F7F17E-31DB-4D87-986C-EFA009E9285D} = {D51D5B72-36F8-4BC0-A33B-4EDE9FCD1532}
		{2E92129D-139F-42D9-926B-84780321B2FA} = {D51D5B72-36F8-4BC0-A33B-4EDE9FCD1532}
		{2E3BB613-4780-4383-873E-0255DF41F5DD} = {58FB0FEE-D7D5-4A35-ACA0-83A4D463C09F}
	EndGlobalSection
EndGlobal
